
Microsoft Visual Studio Solution File, Format Version 12.00
# Visual Studio Version 17
VisualStudioVersion = 17.14.36408.4 d17.14
MinimumVisualStudioVersion = 10.0.40219.1
Project("{8BC9CEB8-8B4A-11D0-8D11-00A0C91BC942}") = "enum", "enum.vcxproj", "{8DF27F94-6FC4-43ED-B2E1-B2116CA7034B}"
EndProject
Global
	GlobalSection(SolutionConfigurationPlatforms) = preSolution
		Debug|x64 = Debug|x64
		Debug|x86 = Debug|x86
		Release|x64 = Release|x64
		Release|x86 = Release|x86
	EndGlobalSection
	GlobalSection(ProjectConfigurationPlatforms) = postSolution
		{8DF27F94-6FC4-43ED-B2E1-B2116CA7034B}.Debug|x64.ActiveCfg = Debug|x64
		{8DF27F94-6FC4-43ED-B2E1-B2116CA7034B}.Debug|x64.Build.0 = Debug|x64
		{8DF27F94-6FC4-43ED-B2E1-B2116CA7034B}.Debug|x86.ActiveCfg = Debug|Win32
		{8DF27F94-6FC4-43ED-B2E1-B2116CA7034B}.Debug|x86.Build.0 = Debug|Win32
		{8DF27F94-6FC4-43ED-B2E1-B2116CA7034B}.Release|x64.ActiveCfg = Release|x64
		{8DF27F94-6FC4-43ED-B2E1-B2116CA7034B}.Release|x64.Build.0 = Release|x64
		{8DF27F94-6FC4-43ED-B2E1-B2116CA7034B}.Release|x86.ActiveCfg = Release|Win32
		{8DF27F94-6FC4-43ED-B2E1-B2116CA7034B}.Release|x86.Build.0 = Release|Win32
	EndGlobalSection
	GlobalSection(SolutionProperties) = preSolution
		HideSolutionNode = FALSE
	EndGlobalSection
	GlobalSection(ExtensibilityGlobals) = postSolution
		SolutionGuid = {AAF9C7F9-CD61-4E37-A213-5CD018986DE7}
	EndGlobalSection
EndGlobal
